
Microsoft Visual Studio Solution File, Format Version 12.00
# Visual Studio 15
VisualStudioVersion = 15.0.28307.779
MinimumVisualStudioVersion = 10.0.40219.1
Project("{FAE04EC0-301F-11D3-BF4B-00C04F79EFBC}") = "CarPoolingEf", "CarPoolingEf\CarPoolingEf.csproj", "{2465203F-E42F-41B1-BD05-F22C0E8EDE00}"
EndProject
Project("{FAE04EC0-301F-11D3-BF4B-00C04F79EFBC}") = "CarPoolingEf.Model", "CarPoolingEf.Model\CarPoolingEf.Model.csproj", "{3D864B8E-45CF-47F4-949B-32B2BB65E3D0}"
EndProject
Project("{FAE04EC0-301F-11D3-BF4B-00C04F79EFBC}") = "CarPoolingEf.Service", "CarPoolingEf.Service\CarPoolingEf.Service.csproj", "{651366CB-D9DB-48F6-B351-8DEA200EDB96}"
EndProject
Global
	GlobalSection(SolutionConfigurationPlatforms) = preSolution
		Debug|Any CPU = Debug|Any CPU
		Release|Any CPU = Release|Any CPU
	EndGlobalSection
	GlobalSection(ProjectConfigurationPlatforms) = postSolution
		{2465203F-E42F-41B1-BD05-F22C0E8EDE00}.Debug|Any CPU.ActiveCfg = Debug|Any CPU
		{2465203F-E42F-41B1-BD05-F22C0E8EDE00}.Debug|Any CPU.Build.0 = Debug|Any CPU
		{2465203F-E42F-41B1-BD05-F22C0E8EDE00}.Release|Any CPU.ActiveCfg = Release|Any CPU
		{2465203F-E42F-41B1-BD05-F22C0E8EDE00}.Release|Any CPU.Build.0 = Release|Any CPU
		{3D864B8E-45CF-47F4-949B-32B2BB65E3D0}.Debug|Any CPU.ActiveCfg = Debug|Any CPU
		{3D864B8E-45CF-47F4-949B-32B2BB65E3D0}.Debug|Any CPU.Build.0 = Debug|Any CPU
		{3D864B8E-45CF-47F4-949B-32B2BB65E3D0}.Release|Any CPU.ActiveCfg = Release|Any CPU
		{3D864B8E-45CF-47F4-949B-32B2BB65E3D0}.Release|Any CPU.Build.0 = Release|Any CPU
		{651366CB-D9DB-48F6-B351-8DEA200EDB96}.Debug|Any CPU.ActiveCfg = Debug|Any CPU
		{651366CB-D9DB-48F6-B351-8DEA200EDB96}.Debug|Any CPU.Build.0 = Debug|Any CPU
		{651366CB-D9DB-48F6-B351-8DEA200EDB96}.Release|Any CPU.ActiveCfg = Release|Any CPU
		{651366CB-D9DB-48F6-B351-8DEA200EDB96}.Release|Any CPU.Build.0 = Release|Any CPU
	EndGlobalSection
	GlobalSection(SolutionProperties) = preSolution
		HideSolutionNode = FALSE
	EndGlobalSection
	GlobalSection(ExtensibilityGlobals) = postSolution
		SolutionGuid = {18C35377-21AF-4E92-978A-DCCBD2B4AF18}
	EndGlobalSection
EndGlobal
